
Microsoft Visual Studio Solution File, Format Version 12.00
# Visual Studio Version 17
VisualStudioVersion = 17.8.34330.188
MinimumVisualStudioVersion = 10.0.40219.1
Project("{FAE04EC0-301F-11D3-BF4B-00C04F79EFBC}") = "PayrollMngmentSystem", "PayrollMngmentSystem\PayrollMngmentSystem.csproj", "{CECE0144-E554-4C88-831C-C997716123D4}"
EndProject
Global
	GlobalSection(SolutionConfigurationPlatforms) = preSolution
		Debug|Any CPU = Debug|Any CPU
		Release|Any CPU = Release|Any CPU
	EndGlobalSection
	GlobalSection(ProjectConfigurationPlatforms) = postSolution
		{CECE0144-E554-4C88-831C-C997716123D4}.Debug|Any CPU.ActiveCfg = Debug|Any CPU
		{CECE0144-E554-4C88-831C-C997716123D4}.Debug|Any CPU.Build.0 = Debug|Any CPU
		{CECE0144-E554-4C88-831C-C997716123D4}.Release|Any CPU.ActiveCfg = Release|Any CPU
		{CECE0144-E554-4C88-831C-C997716123D4}.Release|Any CPU.Build.0 = Release|Any CPU
	EndGlobalSection
	GlobalSection(SolutionProperties) = preSolution
		HideSolutionNode = FALSE
	EndGlobalSection
	GlobalSection(ExtensibilityGlobals) = postSolution
		SolutionGuid = {DBD36FBE-0598-483B-9B30-F0327BA37D2D}
	EndGlobalSection
EndGlobal
